
Microsoft Visual Studio Solution File, Format Version 12.00
# Visual Studio Version 17
VisualStudioVersion = 17.5.33414.496
MinimumVisualStudioVersion = 10.0.40219.1
Project("{9A19103F-16F7-4668-BE54-9A1E7A4F7556}") = "HKineticCurve", "src\HKineticCurve.csproj", "{19F2273A-C943-4B84-9EA8-6EF0A524C5FF}"
EndProject
Project("{2150E333-8FDC-42A3-9474-1A3956D46DE8}") = "_SolutionItems", "_SolutionItems", "{2C5C4DE3-660D-4C4C-B06F-22AE252AB2C3}"
	ProjectSection(SolutionItems) = preProject
		.editorconfig = .editorconfig
		Directory.Build.props = Directory.Build.props
	EndProjectSection
EndProject
Global
	GlobalSection(SolutionConfigurationPlatforms) = preSolution
		Debug|Any CPU = Debug|Any CPU
		Release|Any CPU = Release|Any CPU
	EndGlobalSection
	GlobalSection(ProjectConfigurationPlatforms) = postSolution
		{19F2273A-C943-4B84-9EA8-6EF0A524C5FF}.Debug|Any CPU.ActiveCfg = Debug|Any CPU
		{19F2273A-C943-4B84-9EA8-6EF0A524C5FF}.Debug|Any CPU.Build.0 = Debug|Any CPU
		{19F2273A-C943-4B84-9EA8-6EF0A524C5FF}.Release|Any CPU.ActiveCfg = Release|Any CPU
		{19F2273A-C943-4B84-9EA8-6EF0A524C5FF}.Release|Any CPU.Build.0 = Release|Any CPU
	EndGlobalSection
	GlobalSection(SolutionProperties) = preSolution
		HideSolutionNode = FALSE
	EndGlobalSection
	GlobalSection(ExtensibilityGlobals) = postSolution
		SolutionGuid = {61EDD31E-5782-40FE-BDCC-3D62B6D89F4B}
	EndGlobalSection
EndGlobal
